{
  "version": 1,
  "dependencies": {
    "net10.0": {
      "MessagePack": {
        "type": "Direct",
        "requested": "[3.1.6, )",
        "resolved": "3.1.6",
        "contentHash": "c5M8C0Lrf6GdGiv01OCB86WEL5YDi7UdH5qsU+q7Q9WvqlhtE4kkJzzJpFufPbz+OULX8FGIB2qo/7CLQ6vizg==",
        "dependencies": {
          "MessagePack.Annotations": "3.1.6",
          "MessagePackAnalyzer": "3.1.6",
          "Microsoft.NET.StringTools": "17.11.4"
        }
      },
      "MessagePack.Annotations": {
        "type": "Transitive",
        "resolved": "3.1.6",
        "contentHash": "d0r/B7v1frvN6ElIgp5J5/cHeLADOK21qieHutimUpCWGcjhzOJV9glrItZO4E3dUcriMKX3Swsee3rFx9ouOw=="
      },
      "MessagePackAnalyzer": {
        "type": "Transitive",
        "resolved": "3.1.6",
        "contentHash": "7Ewqh8D5dAnF4XWy0q76eYFdNLIpDvQqLQOTfrWAGA35ARUB65mrrIES+J5Kw2FVwZGTjudeWh2FB89TC4YMyg=="
      },
      "Microsoft.NET.StringTools": {
        "type": "Transitive",
        "resolved": "17.11.4",
        "contentHash": "mudqUHhNpeqIdJoUx2YDWZO/I9uEDYVowan89R6wsomfnUJQk6HteoQTlNjZDixhT2B4IXMkMtgZtoceIjLRmA=="
      }
    }
  }
}